
Microsoft Visual Studio Solution File, Format Version 10.00
# Visual Studio 2008
Project("{FAE04EC0-301F-11D3-BF4B-00C04F79EFBC}") = "1简单工厂", "抽象工厂\1简单工厂.csproj", "{CE10E20B-229A-450B-A00D-CAB1DB705260}"
EndProject
Project("{FAE04EC0-301F-11D3-BF4B-00C04F79EFBC}") = "2策略模式", "策略模式\2策略模式.csproj", "{C526305B-06B1-4B6B-BD2F-C4611C7E8A15}"
EndProject
Project("{FAE04EC0-301F-11D3-BF4B-00C04F79EFBC}") = "6装饰模式", "6装饰模式\6装饰模式.csproj", "{3B1E26B1-F644-4126-9420-128D27BFAFD6}"
EndProject
Project("{FAE04EC0-301F-11D3-BF4B-00C04F79EFBC}") = "7代理模式", "7代理模式\7代理模式.csproj", "{53575223-0BEF-42BC-A964-FCE698B41BE5}"
EndProject
Project("{FAE04EC0-301F-11D3-BF4B-00C04F79EFBC}") = "8工厂模式", "8工厂模式\8工厂模式.csproj", "{7546B786-C7B7-4DAE-885F-57ECB45DA012}"
EndProject
Project("{FAE04EC0-301F-11D3-BF4B-00C04F79EFBC}") = "9原型模式", "9原型模式\9原型模式.csproj", "{314A724A-4D17-474F-94C8-E68ADEFC527A}"
EndProject
Project("{FAE04EC0-301F-11D3-BF4B-00C04F79EFBC}") = "10模版方法", "10模版方法\10模版方法.csproj", "{A86027C6-D642-4ADD-97E1-73AA3EBA8E00}"
EndProject
Project("{FAE04EC0-301F-11D3-BF4B-00C04F79EFBC}") = "12外观模式", "12外观模式\12外观模式.csproj", "{84797C67-106F-4179-A16C-AD164821678B}"
EndProject
Project("{FAE04EC0-301F-11D3-BF4B-00C04F79EFBC}") = "13建造者模式", "13建造者模式\13建造者模式.csproj", "{C525E457-8A39-47A2-9B31-29965250CE5D}"
EndProject
Project("{FAE04EC0-301F-11D3-BF4B-00C04F79EFBC}") = "14观察者模式", "14观察者模式\14观察者模式.csproj", "{C30CF2EA-9359-4E46-A9B8-A895A780CE7C}"
EndProject
Project("{FAE04EC0-301F-11D3-BF4B-00C04F79EFBC}") = "15抽象工厂模式", "15抽象工厂模式\15抽象工厂模式.csproj", "{9AD403F8-C689-418E-8B3C-EB6C1026F64E}"
EndProject
Project("{FAE04EC0-301F-11D3-BF4B-00C04F79EFBC}") = "16状态模式", "16状态模式\16状态模式.csproj", "{04946130-D35D-4175-BE6F-C1E96AFBC87A}"
EndProject
Project("{FAE04EC0-301F-11D3-BF4B-00C04F79EFBC}") = "17适配器模式", "17适配器模式\17适配器模式.csproj", "{CC469A11-C077-4BB8-962E-DD969949F7C4}"
EndProject
Project("{FAE04EC0-301F-11D3-BF4B-00C04F79EFBC}") = "18备忘录模式", "18备忘录模式\18备忘录模式.csproj", "{F9478ABD-D3B4-48D4-B119-06AF7734DA50}"
EndProject
Project("{FAE04EC0-301F-11D3-BF4B-00C04F79EFBC}") = "test", "test\test.csproj", "{A2D78BDD-1BFB-4FD0-A024-4AFD2DA766FE}"
EndProject
Project("{FAE04EC0-301F-11D3-BF4B-00C04F79EFBC}") = "19组合模式", "19组合模式\19组合模式.csproj", "{3A9C87FC-3D1E-47A3-B0B3-8E29675D6E14}"
EndProject
Project("{FAE04EC0-301F-11D3-BF4B-00C04F79EFBC}") = "20迭代器模式", "20迭代器模式\20迭代器模式.csproj", "{DB236469-D421-4EB6-9179-75293B8901B1}"
EndProject
Project("{FAE04EC0-301F-11D3-BF4B-00C04F79EFBC}") = "21单例模式", "21单例模式\21单例模式.csproj", "{BB5E219B-804E-414D-A827-E16EF0C92A79}"
EndProject
Project("{FAE04EC0-301F-11D3-BF4B-00C04F79EFBC}") = "22桥接模式", "22桥接模式\22桥接模式.csproj", "{CA2C581B-E66A-406C-BAA3-6E6D468020BE}"
EndProject
Project("{FAE04EC0-301F-11D3-BF4B-00C04F79EFBC}") = "23命令模式", "23命令模式\23命令模式.csproj", "{C4EF1974-CBE5-4A31-A553-AFB1DFB04651}"
EndProject
Project("{FAE04EC0-301F-11D3-BF4B-00C04F79EFBC}") = "24职责链模式", "24职责链模式\24职责链模式.csproj", "{4E24CD0A-201A-4F67-B0C4-C69CC4D22CEF}"
EndProject
Project("{FAE04EC0-301F-11D3-BF4B-00C04F79EFBC}") = "25中介者模式", "25中介者模式\25中介者模式.csproj", "{4DD827A0-AE43-4DCD-BF1D-4F4CD86DCD51}"
EndProject
Project("{FAE04EC0-301F-11D3-BF4B-00C04F79EFBC}") = "26享元模式", "26享元模式\26享元模式.csproj", "{5C23610D-8E99-4555-A632-FA5D85AE85C6}"
EndProject
Project("{FAE04EC0-301F-11D3-BF4B-00C04F79EFBC}") = "28访问者模式", "28状态模式\28访问者模式.csproj", "{C080D5A8-197E-43E6-A825-40AF5E6F9BD5}"
EndProject
Global
	GlobalSection(SolutionConfigurationPlatforms) = preSolution
		Debug|Any CPU = Debug|Any CPU
		Release|Any CPU = Release|Any CPU
	EndGlobalSection
	GlobalSection(ProjectConfigurationPlatforms) = postSolution
		{CE10E20B-229A-450B-A00D-CAB1DB705260}.Debug|Any CPU.ActiveCfg = Debug|Any CPU
		{CE10E20B-229A-450B-A00D-CAB1DB705260}.Debug|Any CPU.Build.0 = Debug|Any CPU
		{CE10E20B-229A-450B-A00D-CAB1DB705260}.Release|Any CPU.ActiveCfg = Release|Any CPU
		{CE10E20B-229A-450B-A00D-CAB1DB705260}.Release|Any CPU.Build.0 = Release|Any CPU
		{C526305B-06B1-4B6B-BD2F-C4611C7E8A15}.Debug|Any CPU.ActiveCfg = Debug|Any CPU
		{C526305B-06B1-4B6B-BD2F-C4611C7E8A15}.Debug|Any CPU.Build.0 = Debug|Any CPU
		{C526305B-06B1-4B6B-BD2F-C4611C7E8A15}.Release|Any CPU.ActiveCfg = Release|Any CPU
		{C526305B-06B1-4B6B-BD2F-C4611C7E8A15}.Release|Any CPU.Build.0 = Release|Any CPU
		{3B1E26B1-F644-4126-9420-128D27BFAFD6}.Debug|Any CPU.ActiveCfg = Debug|Any CPU
		{3B1E26B1-F644-4126-9420-128D27BFAFD6}.Debug|Any CPU.Build.0 = Debug|Any CPU
		{3B1E26B1-F644-4126-9420-128D27BFAFD6}.Release|Any CPU.ActiveCfg = Release|Any CPU
		{3B1E26B1-F644-4126-9420-128D27BFAFD6}.Release|Any CPU.Build.0 = Release|Any CPU
		{53575223-0BEF-42BC-A964-FCE698B41BE5}.Debug|Any CPU.ActiveCfg = Debug|Any CPU
		{53575223-0BEF-42BC-A964-FCE698B41BE5}.Debug|Any CPU.Build.0 = Debug|Any CPU
		{53575223-0BEF-42BC-A964-FCE698B41BE5}.Release|Any CPU.ActiveCfg = Release|Any CPU
		{53575223-0BEF-42BC-A964-FCE698B41BE5}.Release|Any CPU.Build.0 = Release|Any CPU
		{7546B786-C7B7-4DAE-885F-57ECB45DA012}.Debug|Any CPU.ActiveCfg = Debug|Any CPU
		{7546B786-C7B7-4DAE-885F-57ECB45DA012}.Debug|Any CPU.Build.0 = Debug|Any CPU
		{7546B786-C7B7-4DAE-885F-57ECB45DA012}.Release|Any CPU.ActiveCfg = Release|Any CPU
		{7546B786-C7B7-4DAE-885F-57ECB45DA012}.Release|Any CPU.Build.0 = Release|Any CPU
		{314A724A-4D17-474F-94C8-E68ADEFC527A}.Debug|Any CPU.ActiveCfg = Debug|Any CPU
		{314A724A-4D17-474F-94C8-E68ADEFC527A}.Debug|Any CPU.Build.0 = Debug|Any CPU
		{314A724A-4D17-474F-94C8-E68ADEFC527A}.Release|Any CPU.ActiveCfg = Release|Any CPU
		{314A724A-4D17-474F-94C8-E68ADEFC527A}.Release|Any CPU.Build.0 = Release|Any CPU
		{A86027C6-D642-4ADD-97E1-73AA3EBA8E00}.Debug|Any CPU.ActiveCfg = Debug|Any CPU
		{A86027C6-D642-4ADD-97E1-73AA3EBA8E00}.Debug|Any CPU.Build.0 = Debug|Any CPU
		{A86027C6-D642-4ADD-97E1-73AA3EBA8E00}.Release|Any CPU.ActiveCfg = Release|Any CPU
		{A86027C6-D642-4ADD-97E1-73AA3EBA8E00}.Release|Any CPU.Build.0 = Release|Any CPU
		{84797C67-106F-4179-A16C-AD164821678B}.Debug|Any CPU.ActiveCfg = Debug|Any CPU
		{84797C67-106F-4179-A16C-AD164821678B}.Debug|Any CPU.Build.0 = Debug|Any CPU
		{84797C67-106F-4179-A16C-AD164821678B}.Release|Any CPU.ActiveCfg = Release|Any CPU
		{84797C67-106F-4179-A16C-AD164821678B}.Release|Any CPU.Build.0 = Release|Any CPU
		{C525E457-8A39-47A2-9B31-29965250CE5D}.Debug|Any CPU.ActiveCfg = Debug|Any CPU
		{C525E457-8A39-47A2-9B31-29965250CE5D}.Debug|Any CPU.Build.0 = Debug|Any CPU
		{C525E457-8A39-47A2-9B31-29965250CE5D}.Release|Any CPU.ActiveCfg = Release|Any CPU
		{C525E457-8A39-47A2-9B31-29965250CE5D}.Release|Any CPU.Build.0 = Release|Any CPU
		{C30CF2EA-9359-4E46-A9B8-A895A780CE7C}.Debug|Any CPU.ActiveCfg = Debug|Any CPU
		{C30CF2EA-9359-4E46-A9B8-A895A780CE7C}.Debug|Any CPU.Build.0 = Debug|Any CPU
		{C30CF2EA-9359-4E46-A9B8-A895A780CE7C}.Release|Any CPU.ActiveCfg = Release|Any CPU
		{C30CF2EA-9359-4E46-A9B8-A895A780CE7C}.Release|Any CPU.Build.0 = Release|Any CPU
		{9AD403F8-C689-418E-8B3C-EB6C1026F64E}.Debug|Any CPU.ActiveCfg = Debug|Any CPU
		{9AD403F8-C689-418E-8B3C-EB6C1026F64E}.Debug|Any CPU.Build.0 = Debug|Any CPU
		{9AD403F8-C689-418E-8B3C-EB6C1026F64E}.Release|Any CPU.ActiveCfg = Release|Any CPU
		{9AD403F8-C689-418E-8B3C-EB6C1026F64E}.Release|Any CPU.Build.0 = Release|Any CPU
		{04946130-D35D-4175-BE6F-C1E96AFBC87A}.Debug|Any CPU.ActiveCfg = Debug|Any CPU
		{04946130-D35D-4175-BE6F-C1E96AFBC87A}.Debug|Any CPU.Build.0 = Debug|Any CPU
		{04946130-D35D-4175-BE6F-C1E96AFBC87A}.Release|Any CPU.ActiveCfg = Release|Any CPU
		{04946130-D35D-4175-BE6F-C1E96AFBC87A}.Release|Any CPU.Build.0 = Release|Any CPU
		{CC469A11-C077-4BB8-962E-DD969949F7C4}.Debug|Any CPU.ActiveCfg = Debug|Any CPU
		{CC469A11-C077-4BB8-962E-DD969949F7C4}.Debug|Any CPU.Build.0 = Debug|Any CPU
		{CC469A11-C077-4BB8-962E-DD969949F7C4}.Release|Any CPU.ActiveCfg = Release|Any CPU
		{CC469A11-C077-4BB8-962E-DD969949F7C4}.Release|Any CPU.Build.0 = Release|Any CPU
		{F9478ABD-D3B4-48D4-B119-06AF7734DA50}.Debug|Any CPU.ActiveCfg = Debug|Any CPU
		{F9478ABD-D3B4-48D4-B119-06AF7734DA50}.Debug|Any CPU.Build.0 = Debug|Any CPU
		{F9478ABD-D3B4-48D4-B119-06AF7734DA50}.Release|Any CPU.ActiveCfg = Release|Any CPU
		{F9478ABD-D3B4-48D4-B119-06AF7734DA50}.Release|Any CPU.Build.0 = Release|Any CPU
		{A2D78BDD-1BFB-4FD0-A024-4AFD2DA766FE}.Debug|Any CPU.ActiveCfg = Debug|Any CPU
		{A2D78BDD-1BFB-4FD0-A024-4AFD2DA766FE}.Debug|Any CPU.Build.0 = Debug|Any CPU
		{A2D78BDD-1BFB-4FD0-A024-4AFD2DA766FE}.Release|Any CPU.ActiveCfg = Release|Any CPU
		{A2D78BDD-1BFB-4FD0-A024-4AFD2DA766FE}.Release|Any CPU.Build.0 = Release|Any CPU
		{3A9C87FC-3D1E-47A3-B0B3-8E29675D6E14}.Debug|Any CPU.ActiveCfg = Debug|Any CPU
		{3A9C87FC-3D1E-47A3-B0B3-8E29675D6E14}.Debug|Any CPU.Build.0 = Debug|Any CPU
		{3A9C87FC-3D1E-47A3-B0B3-8E29675D6E14}.Release|Any CPU.ActiveCfg = Release|Any CPU
		{3A9C87FC-3D1E-47A3-B0B3-8E29675D6E14}.Release|Any CPU.Build.0 = Release|Any CPU
		{DB236469-D421-4EB6-9179-75293B8901B1}.Debug|Any CPU.ActiveCfg = Debug|Any CPU
		{DB236469-D421-4EB6-9179-75293B8901B1}.Debug|Any CPU.Build.0 = Debug|Any CPU
		{DB236469-D421-4EB6-9179-75293B8901B1}.Release|Any CPU.ActiveCfg = Release|Any CPU
		{DB236469-D421-4EB6-9179-75293B8901B1}.Release|Any CPU.Build.0 = Release|Any CPU
		{BB5E219B-804E-414D-A827-E16EF0C92A79}.Debug|Any CPU.ActiveCfg = Debug|Any CPU
		{BB5E219B-804E-414D-A827-E16EF0C92A79}.Debug|Any CPU.Build.0 = Debug|Any CPU
		{BB5E219B-804E-414D-A827-E16EF0C92A79}.Release|Any CPU.ActiveCfg = Release|Any CPU
		{BB5E219B-804E-414D-A827-E16EF0C92A79}.Release|Any CPU.Build.0 = Release|Any CPU
		{CA2C581B-E66A-406C-BAA3-6E6D468020BE}.Debug|Any CPU.ActiveCfg = Debug|Any CPU
		{CA2C581B-E66A-406C-BAA3-6E6D468020BE}.Debug|Any CPU.Build.0 = Debug|Any CPU
		{CA2C581B-E66A-406C-BAA3-6E6D468020BE}.Release|Any CPU.ActiveCfg = Release|Any CPU
		{CA2C581B-E66A-406C-BAA3-6E6D468020BE}.Release|Any CPU.Build.0 = Release|Any CPU
		{C4EF1974-CBE5-4A31-A553-AFB1DFB04651}.Debug|Any CPU.ActiveCfg = Debug|Any CPU
		{C4EF1974-CBE5-4A31-A553-AFB1DFB04651}.Debug|Any CPU.Build.0 = Debug|Any CPU
		{C4EF1974-CBE5-4A31-A553-AFB1DFB04651}.Release|Any CPU.ActiveCfg = Release|Any CPU
		{C4EF1974-CBE5-4A31-A553-AFB1DFB04651}.Release|Any CPU.Build.0 = Release|Any CPU
		{4E24CD0A-201A-4F67-B0C4-C69CC4D22CEF}.Debug|Any CPU.ActiveCfg = Debug|Any CPU
		{4E24CD0A-201A-4F67-B0C4-C69CC4D22CEF}.Debug|Any CPU.Build.0 = Debug|Any CPU
		{4E24CD0A-201A-4F67-B0C4-C69CC4D22CEF}.Release|Any CPU.ActiveCfg = Release|Any CPU
		{4E24CD0A-201A-4F67-B0C4-C69CC4D22CEF}.Release|Any CPU.Build.0 = Release|Any CPU
		{4DD827A0-AE43-4DCD-BF1D-4F4CD86DCD51}.Debug|Any CPU.ActiveCfg = Debug|Any CPU
		{4DD827A0-AE43-4DCD-BF1D-4F4CD86DCD51}.Debug|Any CPU.Build.0 = Debug|Any CPU
		{4DD827A0-AE43-4DCD-BF1D-4F4CD86DCD51}.Release|Any CPU.ActiveCfg = Release|Any CPU
		{4DD827A0-AE43-4DCD-BF1D-4F4CD86DCD51}.Release|Any CPU.Build.0 = Release|Any CPU
		{5C23610D-8E99-4555-A632-FA5D85AE85C6}.Debug|Any CPU.ActiveCfg = Debug|Any CPU
		{5C23610D-8E99-4555-A632-FA5D85AE85C6}.Debug|Any CPU.Build.0 = Debug|Any CPU
		{5C23610D-8E99-4555-A632-FA5D85AE85C6}.Release|Any CPU.ActiveCfg = Release|Any CPU
		{5C23610D-8E99-4555-A632-FA5D85AE85C6}.Release|Any CPU.Build.0 = Release|Any CPU
		{C080D5A8-197E-43E6-A825-40AF5E6F9BD5}.Debug|Any CPU.ActiveCfg = Debug|Any CPU
		{C080D5A8-197E-43E6-A825-40AF5E6F9BD5}.Debug|Any CPU.Build.0 = Debug|Any CPU
		{C080D5A8-197E-43E6-A825-40AF5E6F9BD5}.Release|Any CPU.ActiveCfg = Release|Any CPU
		{C080D5A8-197E-43E6-A825-40AF5E6F9BD5}.Release|Any CPU.Build.0 = Release|Any CPU
	EndGlobalSection
	GlobalSection(SolutionProperties) = preSolution
		HideSolutionNode = FALSE
	EndGlobalSection
EndGlobal
